{
  "name": "test",
  "version": "1.0.0",
  "lockfileVersion": 3,
  "requires": true,
  "packages": {
    "": {
      "name": "test",
      "version": "1.0.0",
      "license": "ISC",
      "dependencies": {
        "react-native-random-number-generator": "^1.0.0"
      }
    },
    "node_modules/react-native-random-number-generator": {
      "version": "1.0.0",
      "resolved": "https://registry.npmjs.org/react-native-random-number-generator/-/react-native-random-number-generator-1.0.0.tgz",
      "integrity": "sha512-NVvqbW9vXJn6y4d8ysawcZ9DoRRK/y0eCg9Jya2WWa6Bx1JmenmcgRCwcuJVdyEZ9jYnPsDN6g7mIprBjzkX4A=="
    }
  }
}
